Microsoft Visual Studio Solution File, Format Version 12.00
# Visual Studio Version 17
VisualStudioVersion = 17.5.2.0
MinimumVisualStudioVersion = 10.0.40219.1
Project("{FAE04EC0-301F-11D3-BF4B-00C04F79EFBC}") = "PO_PostacieStarWars", "PO_PostacieStarWars.csproj", "{D1279560-DCD5-DA07-E96A-F00B7E248331}"
EndProject
Global
	GlobalSection(SolutionConfigurationPlatforms) = preSolution
		Debug|Any CPU = Debug|Any CPU
		Release|Any CPU = Release|Any CPU
	EndGlobalSection
	GlobalSection(ProjectConfigurationPlatforms) = postSolution
		{D1279560-DCD5-DA07-E96A-F00B7E248331}.Debug|Any CPU.ActiveCfg = Debug|Any CPU
		{D1279560-DCD5-DA07-E96A-F00B7E248331}.Debug|Any CPU.Build.0 = Debug|Any CPU
		{D1279560-DCD5-DA07-E96A-F00B7E248331}.Release|Any CPU.ActiveCfg = Release|Any CPU
		{D1279560-DCD5-DA07-E96A-F00B7E248331}.Release|Any CPU.Build.0 = Release|Any CPU
	EndGlobalSection
	GlobalSection(SolutionProperties) = preSolution
		HideSolutionNode = FALSE
	EndGlobalSection
	GlobalSection(ExtensibilityGlobals) = postSolution
		SolutionGuid = {995235CF-F3F0-4EC3-8E35-D4D32C822AB7}
	EndGlobalSection
EndGlobal
